
Microsoft Visual Studio Solution File, Format Version 12.00
# Visual Studio Version 17
VisualStudioVersion = 17.5.33402.96
MinimumVisualStudioVersion = 10.0.40219.1
Project("{FAE04EC0-301F-11D3-BF4B-00C04F79EFBC}") = "Json.Error.Demo.UWP", "Json.Error.Demo\Json.Error.Demo.UWP\Json.Error.Demo.UWP.csproj", "{988E5BC8-BDB2-431E-B2BA-992AB36E18E4}"
EndProject
Project("{FAE04EC0-301F-11D3-BF4B-00C04F79EFBC}") = "Json.Error.Demo.Android", "Json.Error.Demo\Json.Error.Demo.Android\Json.Error.Demo.Android.csproj", "{FBA15BA6-2BC8-4B82-BAE3-1D8569789FCE}"
EndProject
Project("{FAE04EC0-301F-11D3-BF4B-00C04F79EFBC}") = "Json.Error.Demo.iOS", "Json.Error.Demo\Json.Error.Demo.iOS\Json.Error.Demo.iOS.csproj", "{4AD88682-5999-45A4-80F5-8E06FCA87FCE}"
EndProject
Project("{9A19103F-16F7-4668-BE54-9A1E7A4F7556}") = "Json.Error.Demo", "Json.Error.Demo\Json.Error.Demo\Json.Error.Demo.csproj", "{C401640F-DCA0-408E-9FA1-3DA57084DEC7}"
EndProject
Project("{FAE04EC0-301F-11D3-BF4B-00C04F79EFBC}") = "Json.Error.Demo.Cli", "Json.Error.Demo.Cli\Json.Error.Demo.Cli.csproj", "{7F96F47E-E4EC-4F15-BA05-3BF0EC61E2E6}"
EndProject
Global
	GlobalSection(SolutionConfigurationPlatforms) = preSolution
		Debug|Any CPU = Debug|Any CPU
		Debug|ARM = Debug|ARM
		Debug|iPhone = Debug|iPhone
		Debug|iPhoneSimulator = Debug|iPhoneSimulator
		Debug|x64 = Debug|x64
		Debug|x86 = Debug|x86
		Release|Any CPU = Release|Any CPU
		Release|ARM = Release|ARM
		Release|iPhone = Release|iPhone
		Release|iPhoneSimulator = Release|iPhoneSimulator
		Release|x64 = Release|x64
		Release|x86 = Release|x86
	EndGlobalSection
	GlobalSection(ProjectConfigurationPlatforms) = postSolution
		{988E5BC8-BDB2-431E-B2BA-992AB36E18E4}.Debug|Any CPU.ActiveCfg = Debug|x64
		{988E5BC8-BDB2-431E-B2BA-992AB36E18E4}.Debug|Any CPU.Build.0 = Debug|x64
		{988E5BC8-BDB2-431E-B2BA-992AB36E18E4}.Debug|Any CPU.Deploy.0 = Debug|x64
		{988E5BC8-BDB2-431E-B2BA-992AB36E18E4}.Debug|ARM.ActiveCfg = Debug|ARM
		{988E5BC8-BDB2-431E-B2BA-992AB36E18E4}.Debug|ARM.Build.0 = Debug|ARM
		{988E5BC8-BDB2-431E-B2BA-992AB36E18E4}.Debug|ARM.Deploy.0 = Debug|ARM
		{988E5BC8-BDB2-431E-B2BA-992AB36E18E4}.Debug|iPhone.ActiveCfg = Debug|x64
		{988E5BC8-BDB2-431E-B2BA-992AB36E18E4}.Debug|iPhone.Build.0 = Debug|x64
		{988E5BC8-BDB2-431E-B2BA-992AB36E18E4}.Debug|iPhone.Deploy.0 = Debug|x64
		{988E5BC8-BDB2-431E-B2BA-992AB36E18E4}.Debug|iPhoneSimulator.ActiveCfg = Debug|x64
		{988E5BC8-BDB2-431E-B2BA-992AB36E18E4}.Debug|iPhoneSimulator.Build.0 = Debug|x64
		{988E5BC8-BDB2-431E-B2BA-992AB36E18E4}.Debug|iPhoneSimulator.Deploy.0 = Debug|x64
		{988E5BC8-BDB2-431E-B2BA-992AB36E18E4}.Debug|x64.ActiveCfg = Debug|x64
		{988E5BC8-BDB2-431E-B2BA-992AB36E18E4}.Debug|x64.Build.0 = Debug|x64
		{988E5BC8-BDB2-431E-B2BA-992AB36E18E4}.Debug|x64.Deploy.0 = Debug|x64
		{988E5BC8-BDB2-431E-B2BA-992AB36E18E4}.Debug|x86.ActiveCfg = Debug|x86
		{988E5BC8-BDB2-431E-B2BA-992AB36E18E4}.Debug|x86.Build.0 = Debug|x86
		{988E5BC8-BDB2-431E-B2BA-992AB36E18E4}.Debug|x86.Deploy.0 = Debug|x86
		{988E5BC8-BDB2-431E-B2BA-992AB36E18E4}.Release|Any CPU.ActiveCfg = Release|x64
		{988E5BC8-BDB2-431E-B2BA-992AB36E18E4}.Release|Any CPU.Build.0 = Release|x64
		{988E5BC8-BDB2-431E-B2BA-992AB36E18E4}.Release|Any CPU.Deploy.0 = Release|x64
		{988E5BC8-BDB2-431E-B2BA-992AB36E18E4}.Release|ARM.ActiveCfg = Release|ARM
		{988E5BC8-BDB2-431E-B2BA-992AB36E18E4}.Release|ARM.Build.0 = Release|ARM
		{988E5BC8-BDB2-431E-B2BA-992AB36E18E4}.Release|ARM.Deploy.0 = Release|ARM
		{988E5BC8-BDB2-431E-B2BA-992AB36E18E4}.Release|iPhone.ActiveCfg = Release|x64
		{988E5BC8-BDB2-431E-B2BA-992AB36E18E4}.Release|iPhone.Build.0 = Release|x64
		{988E5BC8-BDB2-431E-B2BA-992AB36E18E4}.Release|iPhone.Deploy.0 = Release|x64
		{988E5BC8-BDB2-431E-B2BA-992AB36E18E4}.Release|iPhoneSimulator.ActiveCfg = Release|x64
		{988E5BC8-BDB2-431E-B2BA-992AB36E18E4}.Release|iPhoneSimulator.Build.0 = Release|x64
		{988E5BC8-BDB2-431E-B2BA-992AB36E18E4}.Release|iPhoneSimulator.Deploy.0 = Release|x64
		{988E5BC8-BDB2-431E-B2BA-992AB36E18E4}.Release|x64.ActiveCfg = Release|x64
		{988E5BC8-BDB2-431E-B2BA-992AB36E18E4}.Release|x64.Build.0 = Release|x64
		{988E5BC8-BDB2-431E-B2BA-992AB36E18E4}.Release|x64.Deploy.0 = Release|x64
		{988E5BC8-BDB2-431E-B2BA-992AB36E18E4}.Release|x86.ActiveCfg = Release|x86
		{988E5BC8-BDB2-431E-B2BA-992AB36E18E4}.Release|x86.Build.0 = Release|x86
		{988E5BC8-BDB2-431E-B2BA-992AB36E18E4}.Release|x86.Deploy.0 = Release|x86
		{FBA15BA6-2BC8-4B82-BAE3-1D8569789FCE}.Debug|Any CPU.ActiveCfg = Debug|Any CPU
		{FBA15BA6-2BC8-4B82-BAE3-1D8569789FCE}.Debug|Any CPU.Build.0 = Debug|Any CPU
		{FBA15BA6-2BC8-4B82-BAE3-1D8569789FCE}.Debug|Any CPU.Deploy.0 = Debug|Any CPU
		{FBA15BA6-2BC8-4B82-BAE3-1D8569789FCE}.Debug|ARM.ActiveCfg = Debug|Any CPU
		{FBA15BA6-2BC8-4B82-BAE3-1D8569789FCE}.Debug|ARM.Build.0 = Debug|Any CPU
		{FBA15BA6-2BC8-4B82-BAE3-1D8569789FCE}.Debug|ARM.Deploy.0 = Debug|Any CPU
		{FBA15BA6-2BC8-4B82-BAE3-1D8569789FCE}.Debug|iPhone.ActiveCfg = Debug|Any CPU
		{FBA15BA6-2BC8-4B82-BAE3-1D8569789FCE}.Debug|iPhone.Build.0 = Debug|Any CPU
		{FBA15BA6-2BC8-4B82-BAE3-1D8569789FCE}.Debug|iPhone.Deploy.0 = Debug|Any CPU
		{FBA15BA6-2BC8-4B82-BAE3-1D8569789FCE}.Debug|iPhoneSimulator.ActiveCfg = Debug|Any CPU
		{FBA15BA6-2BC8-4B82-BAE3-1D8569789FCE}.Debug|iPhoneSimulator.Build.0 = Debug|Any CPU
		{FBA15BA6-2BC8-4B82-BAE3-1D8569789FCE}.Debug|iPhoneSimulator.Deploy.0 = Debug|Any CPU
		{FBA15BA6-2BC8-4B82-BAE3-1D8569789FCE}.Debug|x64.ActiveCfg = Debug|Any CPU
		{FBA15BA6-2BC8-4B82-BAE3-1D8569789FCE}.Debug|x64.Build.0 = Debug|Any CPU
		{FBA15BA6-2BC8-4B82-BAE3-1D8569789FCE}.Debug|x64.Deploy.0 = Debug|Any CPU
		{FBA15BA6-2BC8-4B82-BAE3-1D8569789FCE}.Debug|x86.ActiveCfg = Debug|Any CPU
		{FBA15BA6-2BC8-4B82-BAE3-1D8569789FCE}.Debug|x86.Build.0 = Debug|Any CPU
		{FBA15BA6-2BC8-4B82-BAE3-1D8569789FCE}.Debug|x86.Deploy.0 = Debug|Any CPU
		{FBA15BA6-2BC8-4B82-BAE3-1D8569789FCE}.Release|Any CPU.ActiveCfg = Release|Any CPU
		{FBA15BA6-2BC8-4B82-BAE3-1D8569789FCE}.Release|Any CPU.Build.0 = Release|Any CPU
		{FBA15BA6-2BC8-4B82-BAE3-1D8569789FCE}.Release|Any CPU.Deploy.0 = Release|Any CPU
		{FBA15BA6-2BC8-4B82-BAE3-1D8569789FCE}.Release|ARM.ActiveCfg = Release|Any CPU
		{FBA15BA6-2BC8-4B82-BAE3-1D8569789FCE}.Release|ARM.Build.0 = Release|Any CPU
		{FBA15BA6-2BC8-4B82-BAE3-1D8569789FCE}.Release|ARM.Deploy.0 = Release|Any CPU
		{FBA15BA6-2BC8-4B82-BAE3-1D8569789FCE}.Release|iPhone.ActiveCfg = Release|Any CPU
		{FBA15BA6-2BC8-4B82-BAE3-1D8569789FCE}.Release|iPhone.Build.0 = Release|Any CPU
		{FBA15BA6-2BC8-4B82-BAE3-1D8569789FCE}.Release|iPhone.Deploy.0 = Release|Any CPU
		{FBA15BA6-2BC8-4B82-BAE3-1D8569789FCE}.Release|iPhoneSimulator.ActiveCfg = Release|Any CPU
		{FBA15BA6-2BC8-4B82-BAE3-1D8569789FCE}.Release|iPhoneSimulator.Build.0 = Release|Any CPU
		{FBA15BA6-2BC8-4B82-BAE3-1D8569789FCE}.Release|iPhoneSimulator.Deploy.0 = Release|Any CPU
		{FBA15BA6-2BC8-4B82-BAE3-1D8569789FCE}.Release|x64.ActiveCfg = Release|Any CPU
		{FBA15BA6-2BC8-4B82-BAE3-1D8569789FCE}.Release|x64.Build.0 = Release|Any CPU
		{FBA15BA6-2BC8-4B82-BAE3-1D8569789FCE}.Release|x64.Deploy.0 = Release|Any CPU
		{FBA15BA6-2BC8-4B82-BAE3-1D8569789FCE}.Release|x86.ActiveCfg = Release|Any CPU
		{FBA15BA6-2BC8-4B82-BAE3-1D8569789FCE}.Release|x86.Build.0 = Release|Any CPU
		{FBA15BA6-2BC8-4B82-BAE3-1D8569789FCE}.Release|x86.Deploy.0 = Release|Any CPU
		{4AD88682-5999-45A4-80F5-8E06FCA87FCE}.Debug|Any CPU.ActiveCfg = Debug|iPhoneSimulator
		{4AD88682-5999-45A4-80F5-8E06FCA87FCE}.Debug|Any CPU.Build.0 = Debug|iPhoneSimulator
		{4AD88682-5999-45A4-80F5-8E06FCA87FCE}.Debug|Any CPU.Deploy.0 = Debug|iPhoneSimulator
		{4AD88682-5999-45A4-80F5-8E06FCA87FCE}.Debug|ARM.ActiveCfg = Debug|iPhoneSimulator
		{4AD88682-5999-45A4-80F5-8E06FCA87FCE}.Debug|ARM.Build.0 = Debug|iPhoneSimulator
		{4AD88682-5999-45A4-80F5-8E06FCA87FCE}.Debug|ARM.Deploy.0 = Debug|iPhoneSimulator
		{4AD88682-5999-45A4-80F5-8E06FCA87FCE}.Debug|iPhone.ActiveCfg = Debug|iPhone
		{4AD88682-5999-45A4-80F5-8E06FCA87FCE}.Debug|iPhone.Build.0 = Debug|iPhone
		{4AD88682-5999-45A4-80F5-8E06FCA87FCE}.Debug|iPhone.Deploy.0 = Debug|iPhone
		{4AD88682-5999-45A4-80F5-8E06FCA87FCE}.Debug|iPhoneSimulator.ActiveCfg = Debug|iPhoneSimulator
		{4AD88682-5999-45A4-80F5-8E06FCA87FCE}.Debug|iPhoneSimulator.Build.0 = Debug|iPhoneSimulator
		{4AD88682-5999-45A4-80F5-8E06FCA87FCE}.Debug|iPhoneSimulator.Deploy.0 = Debug|iPhoneSimulator
		{4AD88682-5999-45A4-80F5-8E06FCA87FCE}.Debug|x64.ActiveCfg = Debug|iPhone
		{4AD88682-5999-45A4-80F5-8E06FCA87FCE}.Debug|x64.Build.0 = Debug|iPhone
		{4AD88682-5999-45A4-80F5-8E06FCA87FCE}.Debug|x64.Deploy.0 = Debug|iPhone
		{4AD88682-5999-45A4-80F5-8E06FCA87FCE}.Debug|x86.ActiveCfg = Debug|iPhoneSimulator
		{4AD88682-5999-45A4-80F5-8E06FCA87FCE}.Debug|x86.Build.0 = Debug|iPhoneSimulator
		{4AD88682-5999-45A4-80F5-8E06FCA87FCE}.Debug|x86.Deploy.0 = Debug|iPhoneSimulator
		{4AD88682-5999-45A4-80F5-8E06FCA87FCE}.Release|Any CPU.ActiveCfg = Release|iPhoneSimulator
		{4AD88682-5999-45A4-80F5-8E06FCA87FCE}.Release|Any CPU.Build.0 = Release|iPhoneSimulator
		{4AD88682-5999-45A4-80F5-8E06FCA87FCE}.Release|Any CPU.Deploy.0 = Release|iPhoneSimulator
		{4AD88682-5999-45A4-80F5-8E06FCA87FCE}.Release|ARM.ActiveCfg = Release|iPhoneSimulator
		{4AD88682-5999-45A4-80F5-8E06FCA87FCE}.Release|ARM.Build.0 = Release|iPhoneSimulator
		{4AD88682-5999-45A4-80F5-8E06FCA87FCE}.Release|ARM.Deploy.0 = Release|iPhoneSimulator
		{4AD88682-5999-45A4-80F5-8E06FCA87FCE}.Release|iPhone.ActiveCfg = Release|iPhone
		{4AD88682-5999-45A4-80F5-8E06FCA87FCE}.Release|iPhone.Build.0 = Release|iPhone
		{4AD88682-5999-45A4-80F5-8E06FCA87FCE}.Release|iPhone.Deploy.0 = Release|iPhone
		{4AD88682-5999-45A4-80F5-8E06FCA87FCE}.Release|iPhoneSimulator.ActiveCfg = Release|iPhoneSimulator
		{4AD88682-5999-45A4-80F5-8E06FCA87FCE}.Release|iPhoneSimulator.Build.0 = Release|iPhoneSimulator
		{4AD88682-5999-45A4-80F5-8E06FCA87FCE}.Release|iPhoneSimulator.Deploy.0 = Release|iPhoneSimulator
		{4AD88682-5999-45A4-80F5-8E06FCA87FCE}.Release|x64.ActiveCfg = Release|iPhoneSimulator
		{4AD88682-5999-45A4-80F5-8E06FCA87FCE}.Release|x64.Build.0 = Release|iPhoneSimulator
		{4AD88682-5999-45A4-80F5-8E06FCA87FCE}.Release|x64.Deploy.0 = Release|iPhoneSimulator
		{4AD88682-5999-45A4-80F5-8E06FCA87FCE}.Release|x86.ActiveCfg = Release|iPhoneSimulator
		{4AD88682-5999-45A4-80F5-8E06FCA87FCE}.Release|x86.Build.0 = Release|iPhoneSimulator
		{4AD88682-5999-45A4-80F5-8E06FCA87FCE}.Release|x86.Deploy.0 = Release|iPhoneSimulator
		{C401640F-DCA0-408E-9FA1-3DA57084DEC7}.Debug|Any CPU.ActiveCfg = Debug|Any CPU
		{C401640F-DCA0-408E-9FA1-3DA57084DEC7}.Debug|Any CPU.Build.0 = Debug|Any CPU
		{C401640F-DCA0-408E-9FA1-3DA57084DEC7}.Debug|Any CPU.Deploy.0 = Debug|Any CPU
		{C401640F-DCA0-408E-9FA1-3DA57084DEC7}.Debug|ARM.ActiveCfg = Debug|Any CPU
		{C401640F-DCA0-408E-9FA1-3DA57084DEC7}.Debug|ARM.Build.0 = Debug|Any CPU
		{C401640F-DCA0-408E-9FA1-3DA57084DEC7}.Debug|ARM.Deploy.0 = Debug|Any CPU
		{C401640F-DCA0-408E-9FA1-3DA57084DEC7}.Debug|iPhone.ActiveCfg = Debug|Any CPU
		{C401640F-DCA0-408E-9FA1-3DA57084DEC7}.Debug|iPhone.Build.0 = Debug|Any CPU
		{C401640F-DCA0-408E-9FA1-3DA57084DEC7}.Debug|iPhone.Deploy.0 = Debug|Any CPU
		{C401640F-DCA0-408E-9FA1-3DA57084DEC7}.Debug|iPhoneSimulator.ActiveCfg = Debug|Any CPU
		{C401640F-DCA0-408E-9FA1-3DA57084DEC7}.Debug|iPhoneSimulator.Build.0 = Debug|Any CPU
		{C401640F-DCA0-408E-9FA1-3DA57084DEC7}.Debug|iPhoneSimulator.Deploy.0 = Debug|Any CPU
		{C401640F-DCA0-408E-9FA1-3DA57084DEC7}.Debug|x64.ActiveCfg = Debug|Any CPU
		{C401640F-DCA0-408E-9FA1-3DA57084DEC7}.Debug|x64.Build.0 = Debug|Any CPU
		{C401640F-DCA0-408E-9FA1-3DA57084DEC7}.Debug|x64.Deploy.0 = Debug|Any CPU
		{C401640F-DCA0-408E-9FA1-3DA57084DEC7}.Debug|x86.ActiveCfg = Debug|Any CPU
		{C401640F-DCA0-408E-9FA1-3DA57084DEC7}.Debug|x86.Build.0 = Debug|Any CPU
		{C401640F-DCA0-408E-9FA1-3DA57084DEC7}.Debug|x86.Deploy.0 = Debug|Any CPU
		{C401640F-DCA0-408E-9FA1-3DA57084DEC7}.Release|Any CPU.ActiveCfg = Release|Any CPU
		{C401640F-DCA0-408E-9FA1-3DA57084DEC7}.Release|Any CPU.Build.0 = Release|Any CPU
		{C401640F-DCA0-408E-9FA1-3DA57084DEC7}.Release|Any CPU.Deploy.0 = Release|Any CPU
		{C401640F-DCA0-408E-9FA1-3DA57084DEC7}.Release|ARM.ActiveCfg = Release|Any CPU
		{C401640F-DCA0-408E-9FA1-3DA57084DEC7}.Release|ARM.Build.0 = Release|Any CPU
		{C401640F-DCA0-408E-9FA1-3DA57084DEC7}.Release|ARM.Deploy.0 = Release|Any CPU
		{C401640F-DCA0-408E-9FA1-3DA57084DEC7}.Release|iPhone.ActiveCfg = Release|Any CPU
		{C401640F-DCA0-408E-9FA1-3DA57084DEC7}.Release|iPhone.Build.0 = Release|Any CPU
		{C401640F-DCA0-408E-9FA1-3DA57084DEC7}.Release|iPhone.Deploy.0 = Release|Any CPU
		{C401640F-DCA0-408E-9FA1-3DA57084DEC7}.Release|iPhoneSimulator.ActiveCfg = Release|Any CPU
		{C401640F-DCA0-408E-9FA1-3DA57084DEC7}.Release|iPhoneSimulator.Build.0 = Release|Any CPU
		{C401640F-DCA0-408E-9FA1-3DA57084DEC7}.Release|iPhoneSimulator.Deploy.0 = Release|Any CPU
		{C401640F-DCA0-408E-9FA1-3DA57084DEC7}.Release|x64.ActiveCfg = Release|Any CPU
		{C401640F-DCA0-408E-9FA1-3DA57084DEC7}.Release|x64.Build.0 = Release|Any CPU
		{C401640F-DCA0-408E-9FA1-3DA57084DEC7}.Release|x64.Deploy.0 = Release|Any CPU
		{C401640F-DCA0-408E-9FA1-3DA57084DEC7}.Release|x86.ActiveCfg = Release|Any CPU
		{C401640F-DCA0-408E-9FA1-3DA57084DEC7}.Release|x86.Build.0 = Release|Any CPU
		{C401640F-DCA0-408E-9FA1-3DA57084DEC7}.Release|x86.Deploy.0 = Release|Any CPU
		{7F96F47E-E4EC-4F15-BA05-3BF0EC61E2E6}.Debug|Any CPU.ActiveCfg = Debug|Any CPU
		{7F96F47E-E4EC-4F15-BA05-3BF0EC61E2E6}.Debug|Any CPU.Build.0 = Debug|Any CPU
		{7F96F47E-E4EC-4F15-BA05-3BF0EC61E2E6}.Debug|ARM.ActiveCfg = Debug|Any CPU
		{7F96F47E-E4EC-4F15-BA05-3BF0EC61E2E6}.Debug|ARM.Build.0 = Debug|Any CPU
		{7F96F47E-E4EC-4F15-BA05-3BF0EC61E2E6}.Debug|iPhone.ActiveCfg = Debug|Any CPU
		{7F96F47E-E4EC-4F15-BA05-3BF0EC61E2E6}.Debug|iPhone.Build.0 = Debug|Any CPU
		{7F96F47E-E4EC-4F15-BA05-3BF0EC61E2E6}.Debug|iPhoneSimulator.ActiveCfg = Debug|Any CPU
		{7F96F47E-E4EC-4F15-BA05-3BF0EC61E2E6}.Debug|iPhoneSimulator.Build.0 = Debug|Any CPU
		{7F96F47E-E4EC-4F15-BA05-3BF0EC61E2E6}.Debug|x64.ActiveCfg = Debug|Any CPU
		{7F96F47E-E4EC-4F15-BA05-3BF0EC61E2E6}.Debug|x64.Build.0 = Debug|Any CPU
		{7F96F47E-E4EC-4F15-BA05-3BF0EC61E2E6}.Debug|x86.ActiveCfg = Debug|Any CPU
		{7F96F47E-E4EC-4F15-BA05-3BF0EC61E2E6}.Debug|x86.Build.0 = Debug|Any CPU
		{7F96F47E-E4EC-4F15-BA05-3BF0EC61E2E6}.Release|Any CPU.ActiveCfg = Release|Any CPU
		{7F96F47E-E4EC-4F15-BA05-3BF0EC61E2E6}.Release|Any CPU.Build.0 = Release|Any CPU
		{7F96F47E-E4EC-4F15-BA05-3BF0EC61E2E6}.Release|ARM.ActiveCfg = Release|Any CPU
		{7F96F47E-E4EC-4F15-BA05-3BF0EC61E2E6}.Release|ARM.Build.0 = Release|Any CPU
		{7F96F47E-E4EC-4F15-BA05-3BF0EC61E2E6}.Release|iPhone.ActiveCfg = Release|Any CPU
		{7F96F47E-E4EC-4F15-BA05-3BF0EC61E2E6}.Release|iPhone.Build.0 = Release|Any CPU
		{7F96F47E-E4EC-4F15-BA05-3BF0EC61E2E6}.Release|iPhoneSimulator.ActiveCfg = Release|Any CPU
		{7F96F47E-E4EC-4F15-BA05-3BF0EC61E2E6}.Release|iPhoneSimulator.Build.0 = Release|Any CPU
		{7F96F47E-E4EC-4F15-BA05-3BF0EC61E2E6}.Release|x64.ActiveCfg = Release|Any CPU
		{7F96F47E-E4EC-4F15-BA05-3BF0EC61E2E6}.Release|x64.Build.0 = Release|Any CPU
		{7F96F47E-E4EC-4F15-BA05-3BF0EC61E2E6}.Release|x86.ActiveCfg = Release|Any CPU
		{7F96F47E-E4EC-4F15-BA05-3BF0EC61E2E6}.Release|x86.Build.0 = Release|Any CPU
	EndGlobalSection
	GlobalSection(SolutionProperties) = preSolution
		HideSolutionNode = FALSE
	EndGlobalSection
	GlobalSection(ExtensibilityGlobals) = postSolution
		SolutionGuid = {29BFC0C3-9C7E-446E-846C-69CEC588F0F7}
	EndGlobalSection
EndGlobal
